
Microsoft Visual Studio Solution File, Format Version 12.00
# Visual Studio Version 17
VisualStudioVersion = 17.7.34031.279
MinimumVisualStudioVersion = 10.0.40219.1
Project("{FAE04EC0-301F-11D3-BF4B-00C04F79EFBC}") = "1Variables", "1Variables\1Variables.csproj", "{A76E246F-6FC0-4A00-B325-9CE83D8E3FFF}"
EndProject
Global
	GlobalSection(SolutionConfigurationPlatforms) = preSolution
		Debug|Any CPU = Debug|Any CPU
		Release|Any CPU = Release|Any CPU
	EndGlobalSection
	GlobalSection(ProjectConfigurationPlatforms) = postSolution
		{A76E246F-6FC0-4A00-B325-9CE83D8E3FFF}.Debug|Any CPU.ActiveCfg = Debug|Any CPU
		{A76E246F-6FC0-4A00-B325-9CE83D8E3FFF}.Debug|Any CPU.Build.0 = Debug|Any CPU
		{A76E246F-6FC0-4A00-B325-9CE83D8E3FFF}.Release|Any CPU.ActiveCfg = Release|Any CPU
		{A76E246F-6FC0-4A00-B325-9CE83D8E3FFF}.Release|Any CPU.Build.0 = Release|Any CPU
	EndGlobalSection
	GlobalSection(SolutionProperties) = preSolution
		HideSolutionNode = FALSE
	EndGlobalSection
	GlobalSection(ExtensibilityGlobals) = postSolution
		SolutionGuid = {4603A84F-BBD7-4E5B-8E22-F185EB771759}
	EndGlobalSection
EndGlobal
